
Microsoft Visual Studio Solution File, Format Version 12.00
# Visual Studio Version 16
VisualStudioVersion = 16.0.31624.102
MinimumVisualStudioVersion = 10.0.40219.1
Project("{FAE04EC0-301F-11D3-BF4B-00C04F79EFBC}") = "MulticlassClassifier", "MulticlassClassifier\MulticlassClassifier.csproj", "{27DBD2AF-D6A3-4530-A313-54378981261A}"
EndProject
Global
	GlobalSection(SolutionConfigurationPlatforms) = preSolution
		Debug|Any CPU = Debug|Any CPU
		Release|Any CPU = Release|Any CPU
	EndGlobalSection
	GlobalSection(ProjectConfigurationPlatforms) = postSolution
		{27DBD2AF-D6A3-4530-A313-54378981261A}.Debug|Any CPU.ActiveCfg = Debug|Any CPU
		{27DBD2AF-D6A3-4530-A313-54378981261A}.Debug|Any CPU.Build.0 = Debug|Any CPU
		{27DBD2AF-D6A3-4530-A313-54378981261A}.Release|Any CPU.ActiveCfg = Release|Any CPU
		{27DBD2AF-D6A3-4530-A313-54378981261A}.Release|Any CPU.Build.0 = Release|Any CPU
	EndGlobalSection
	GlobalSection(SolutionProperties) = preSolution
		HideSolutionNode = FALSE
	EndGlobalSection
	GlobalSection(ExtensibilityGlobals) = postSolution
		SolutionGuid = {B613FF5A-926B-423B-A983-3FC173608A89}
	EndGlobalSection
EndGlobal
