
Microsoft Visual Studio Solution File, Format Version 12.00
# Visual Studio Version 16
VisualStudioVersion = 16.0.31624.102
MinimumVisualStudioVersion = 10.0.40219.1
Project("{FAE04EC0-301F-11D3-BF4B-00C04F79EFBC}") = "TCPBilyk", "TCPBilyk\TCPBilyk.csproj", "{00DECB17-D297-4B89-94C3-A56FE8AE1294}"
EndProject
Global
	GlobalSection(SolutionConfigurationPlatforms) = preSolution
		Debug|Any CPU = Debug|Any CPU
		Release|Any CPU = Release|Any CPU
	EndGlobalSection
	GlobalSection(ProjectConfigurationPlatforms) = postSolution
		{00DECB17-D297-4B89-94C3-A56FE8AE1294}.Debug|Any CPU.ActiveCfg = Debug|Any CPU
		{00DECB17-D297-4B89-94C3-A56FE8AE1294}.Debug|Any CPU.Build.0 = Debug|Any CPU
		{00DECB17-D297-4B89-94C3-A56FE8AE1294}.Release|Any CPU.ActiveCfg = Release|Any CPU
		{00DECB17-D297-4B89-94C3-A56FE8AE1294}.Release|Any CPU.Build.0 = Release|Any CPU
	EndGlobalSection
	GlobalSection(SolutionProperties) = preSolution
		HideSolutionNode = FALSE
	EndGlobalSection
	GlobalSection(ExtensibilityGlobals) = postSolution
		SolutionGuid = {2D0F1E17-D5FF-46F8-AF17-3CE2A577A1DB}
	EndGlobalSection
EndGlobal
